
Microsoft Visual Studio Solution File, Format Version 12.00
# Visual Studio Version 17
VisualStudioVersion = 17.12.35707.178 d17.12
MinimumVisualStudioVersion = 10.0.40219.1
Project("{FAE04EC0-301F-11D3-BF4B-00C04F79EFBC}") = "SemanticKernelTest", "SemanticKernelTest\SemanticKernelTest.csproj", "{6C7B575D-7663-454A-B66A-153B80C4CF90}"
EndProject
Project("{FAE04EC0-301F-11D3-BF4B-00C04F79EFBC}") = "SemanticKernelTestWithConsoleApp", "SemanticKernelTestWithConsoleApp\SemanticKernelTestWithConsoleApp.csproj", "{1056293F-78D1-4B5B-AF06-31FE1872E93B}"
EndProject
Global
	GlobalSection(SolutionConfigurationPlatforms) = preSolution
		Debug|Any CPU = Debug|Any CPU
		Release|Any CPU = Release|Any CPU
	EndGlobalSection
	GlobalSection(ProjectConfigurationPlatforms) = postSolution
		{6C7B575D-7663-454A-B66A-153B80C4CF90}.Debug|Any CPU.ActiveCfg = Debug|Any CPU
		{6C7B575D-7663-454A-B66A-153B80C4CF90}.Debug|Any CPU.Build.0 = Debug|Any CPU
		{6C7B575D-7663-454A-B66A-153B80C4CF90}.Release|Any CPU.ActiveCfg = Release|Any CPU
		{6C7B575D-7663-454A-B66A-153B80C4CF90}.Release|Any CPU.Build.0 = Release|Any CPU
		{1056293F-78D1-4B5B-AF06-31FE1872E93B}.Debug|Any CPU.ActiveCfg = Debug|Any CPU
		{1056293F-78D1-4B5B-AF06-31FE1872E93B}.Debug|Any CPU.Build.0 = Debug|Any CPU
		{1056293F-78D1-4B5B-AF06-31FE1872E93B}.Release|Any CPU.ActiveCfg = Release|Any CPU
		{1056293F-78D1-4B5B-AF06-31FE1872E93B}.Release|Any CPU.Build.0 = Release|Any CPU
	EndGlobalSection
	GlobalSection(SolutionProperties) = preSolution
		HideSolutionNode = FALSE
	EndGlobalSection
EndGlobal
